{
  "pins" : [
    {
      "identity" : "actionbuildercore",
      "kind" : "remoteSourceControl",
      "location" : "https://github.com/elegantchaos/ActionBuilderCore",
      "state" : {
        "revision" : "dd50ffd847ed3dc23fbeb9f3df17cc0aaa4e4c7d",
        "version" : "2.0.0"
      }
    },
    {
      "identity" : "chaosbytestreams",
      "kind" : "remoteSourceControl",
      "location" : "https://github.com/elegantchaos/ChaosByteStreams.git",
      "state" : {
        "revision" : "bb2be531b8b3d1410ba6b40a860b6bf8060e8fa3",
        "version" : "1.0.0"
      }
    },
    {
      "identity" : "runner",
      "kind" : "remoteSourceControl",
      "location" : "https://github.com/elegantchaos/Runner.git",
      "state" : {
        "revision" : "4695591be15ed365323fb0b130bd21545f0aa91e",
        "version" : "2.0.6"
      }
    },
    {
      "identity" : "semanticversion",
      "kind" : "remoteSourceControl",
      "location" : "https://github.com/elegantchaos/SemanticVersion",
      "state" : {
        "revision" : "6bda5a45a2f687a82a0fbb002bee8ad31e44f478",
        "version" : "1.1.0"
      }
    },
    {
      "identity" : "versionator",
      "kind" : "remoteSourceControl",
      "location" : "https://github.com/elegantchaos/Versionator.git",
      "state" : {
        "revision" : "6d1cdddce7990f660c4f3b96c5a24be8dcce9007",
        "version" : "2.0.2"
      }
    }
  ],
  "version" : 2
}
