{
  "pins" : [
    {
      "identity" : "actionbuildercore",
      "kind" : "remoteSourceControl",
      "location" : "https://github.com/elegantchaos/ActionBuilderCore",
      "state" : {
        "revision" : "0e35725ef86291e97da063f264f03e77aa700b83",
        "version" : "1.1.1"
      }
    },
    {
      "identity" : "matchable",
      "kind" : "remoteSourceControl",
      "location" : "https://github.com/elegantchaos/Matchable.git",
      "state" : {
        "revision" : "d53e807009960aafbd54f6229c2542f906628b38",
        "version" : "1.0.7"
      }
    },
    {
      "identity" : "runner",
      "kind" : "remoteSourceControl",
      "location" : "https://github.com/elegantchaos/Runner.git",
      "state" : {
        "revision" : "65420eb4e534a58c8fb1bf18e344bc86edb42c65",
        "version" : "1.3.2"
      }
    },
    {
      "identity" : "semanticversion",
      "kind" : "remoteSourceControl",
      "location" : "https://github.com/elegantchaos/SemanticVersion",
      "state" : {
        "revision" : "6bda5a45a2f687a82a0fbb002bee8ad31e44f478",
        "version" : "1.1.0"
      }
    },
    {
      "identity" : "xctestextensions",
      "kind" : "remoteSourceControl",
      "location" : "https://github.com/elegantchaos/XCTestExtensions.git",
      "state" : {
        "revision" : "c1cec43d4ca0b657323080b90a840b675e8af638",
        "version" : "1.4.9"
      }
    }
  ],
  "version" : 2
}
